{
  "name": "@idac/csvtools",
  "version": "0.1.3",
  "lockfileVersion": 1,
  "requires": true,
  "dependencies": {
    "ansi-regex": {
      "version": "3.0.0",
      "resolved": "https://registry.npmjs.org/ansi-regex/-/ansi-regex-3.0.0.tgz",
      "integrity": "sha1-7QMXwyIGT3lGbAKWa922Bas32Zg="
    },
    "arguments-extended": {
      "version": "0.0.3",
      "resolved": "https://registry.npmjs.org/arguments-extended/-/arguments-extended-0.0.3.tgz",
      "integrity": "sha1-YQfkkX0OtvCk3WYyD8Fa/HLvSUY=",
      "requires": {
        "extended": "~0.0.3",
        "is-extended": "~0.0.8"
      }
    },
    "array-extended": {
      "version": "0.0.11",
      "resolved": "https://registry.npmjs.org/array-extended/-/array-extended-0.0.11.tgz",
      "integrity": "sha1-1xRK50jek8pybxIQCdv/FibRZL0=",
      "requires": {
        "arguments-extended": "~0.0.3",
        "extended": "~0.0.3",
        "is-extended": "~0.0.3"
      }
    },
    "assert-plus": {
      "version": "1.0.0",
      "resolved": "https://registry.npmjs.org/assert-plus/-/assert-plus-1.0.0.tgz",
      "integrity": "sha1-8S4PPF13sLHN2RRpQuTpbB5N1SU="
    },
    "balanced-match": {
      "version": "1.0.0",
      "resolved": "https://registry.npmjs.org/balanced-match/-/balanced-match-1.0.0.tgz",
      "integrity": "sha1-ibTRmasr7kneFk6gK4nORi1xt2c=",
      "dev": true
    },
    "brace-expansion": {
      "version": "1.1.11",
      "resolved": "https://registry.npmjs.org/brace-expansion/-/brace-expansion-1.1.11.tgz",
      "integrity": "sha512-iCuPHDFgrHX7H2vEI/5xpz07zSHB00TpugqhmYtVmMO6518mCuRMoOYFldEBl0g187ufozdaHgWKcYFb61qGiA==",
      "dev": true,
      "requires": {
        "balanced-match": "^1.0.0",
        "concat-map": "0.0.1"
      }
    },
    "cli-table3": {
      "version": "0.5.0",
      "resolved": "https://registry.npmjs.org/cli-table3/-/cli-table3-0.5.0.tgz",
      "integrity": "sha512-c7YHpUyO1SaKaO7kYtxd5NZ8FjAmSK3LpKkuzdwn+2CwpFxBpdoQLm+OAnnCfoEl7onKhN9PKQi1lsHuAIUqGQ==",
      "requires": {
        "colors": "^1.1.2",
        "object-assign": "^4.1.0",
        "string-width": "^2.1.1"
      }
    },
    "colors": {
      "version": "1.3.0",
      "resolved": "https://registry.npmjs.org/colors/-/colors-1.3.0.tgz",
      "integrity": "sha512-EDpX3a7wHMWFA7PUHWPHNWqOxIIRSJetuwl0AS5Oi/5FMV8kWm69RTlgm00GKjBO1xFHMtBbL49yRtMMdticBw=="
    },
    "concat-map": {
      "version": "0.0.1",
      "resolved": "https://registry.npmjs.org/concat-map/-/concat-map-0.0.1.tgz",
      "integrity": "sha1-2Klr13/Wjfd5OnMDajug1UBdR3s=",
      "dev": true
    },
    "dashdash": {
      "version": "1.14.1",
      "resolved": "https://registry.npmjs.org/dashdash/-/dashdash-1.14.1.tgz",
      "integrity": "sha1-hTz6D3y+L+1d4gMmuN1YEDX24vA=",
      "requires": {
        "assert-plus": "^1.0.0"
      }
    },
    "date-extended": {
      "version": "0.0.6",
      "resolved": "https://registry.npmjs.org/date-extended/-/date-extended-0.0.6.tgz",
      "integrity": "sha1-I4AtV90b94GIE/4MMuhRqG2iZ8k=",
      "requires": {
        "array-extended": "~0.0.3",
        "extended": "~0.0.3",
        "is-extended": "~0.0.3"
      }
    },
    "declare.js": {
      "version": "0.0.8",
      "resolved": "https://registry.npmjs.org/declare.js/-/declare.js-0.0.8.tgz",
      "integrity": "sha1-BHit/5VkwAT1Hfc9i8E0AZ0o3N4="
    },
    "exit": {
      "version": "0.1.2",
      "resolved": "https://registry.npmjs.org/exit/-/exit-0.1.2.tgz",
      "integrity": "sha1-BjJjj42HfMghB9MKD/8aF8uhzQw=",
      "dev": true
    },
    "extended": {
      "version": "0.0.6",
      "resolved": "https://registry.npmjs.org/extended/-/extended-0.0.6.tgz",
      "integrity": "sha1-f7i/e52uOXWG5IVwrP1kLHjlBmk=",
      "requires": {
        "extender": "~0.0.5"
      }
    },
    "extender": {
      "version": "0.0.10",
      "resolved": "https://registry.npmjs.org/extender/-/extender-0.0.10.tgz",
      "integrity": "sha1-WJwHSCvmGhRgttgfnCSqZ+jzJM0=",
      "requires": {
        "declare.js": "~0.0.4"
      }
    },
    "fast-csv": {
      "version": "1.1.0",
      "resolved": "https://registry.npmjs.org/fast-csv/-/fast-csv-1.1.0.tgz",
      "integrity": "sha1-FwCsbrxw5/QQsTLgqal8UpNIex4=",
      "requires": {
        "extended": "0.0.6",
        "is-extended": "0.0.10",
        "object-extended": "0.0.7",
        "string-extended": "0.0.8"
      }
    },
    "fs.realpath": {
      "version": "1.0.0",
      "resolved": "https://registry.npmjs.org/fs.realpath/-/fs.realpath-1.0.0.tgz",
      "integrity": "sha1-FQStJSMVjKpA20onh8sBQRmU6k8=",
      "dev": true
    },
    "glob": {
      "version": "7.1.2",
      "resolved": "https://registry.npmjs.org/glob/-/glob-7.1.2.tgz",
      "integrity": "sha512-MJTUg1kjuLeQCJ+ccE4Vpa6kKVXkPYJ2mOCQyUuKLcLQsdrMCpBPUi8qVE6+YuaJkozeA9NusTAw3hLr8Xe5EQ==",
      "dev": true,
      "requires": {
        "fs.realpath": "^1.0.0",
        "inflight": "^1.0.4",
        "inherits": "2",
        "minimatch": "^3.0.4",
        "once": "^1.3.0",
        "path-is-absolute": "^1.0.0"
      }
    },
    "immutable": {
      "version": "3.8.2",
      "resolved": "https://registry.npmjs.org/immutable/-/immutable-3.8.2.tgz",
      "integrity": "sha1-wkOZUUVbs5kT2vKBN28VMOEErfM="
    },
    "inflight": {
      "version": "1.0.6",
      "resolved": "https://registry.npmjs.org/inflight/-/inflight-1.0.6.tgz",
      "integrity": "sha1-Sb1jMdfQLQwJvJEKEHW6gWW1bfk=",
      "dev": true,
      "requires": {
        "once": "^1.3.0",
        "wrappy": "1"
      }
    },
    "inherits": {
      "version": "2.0.3",
      "resolved": "https://registry.npmjs.org/inherits/-/inherits-2.0.3.tgz",
      "integrity": "sha1-Yzwsg+PaQqUC9SRmAiSA9CCCYd4=",
      "dev": true
    },
    "is-extended": {
      "version": "0.0.10",
      "resolved": "https://registry.npmjs.org/is-extended/-/is-extended-0.0.10.tgz",
      "integrity": "sha1-JE4UDfdbscmjEG9BL/GC+1NKbWI=",
      "requires": {
        "extended": "~0.0.3"
      }
    },
    "is-fullwidth-code-point": {
      "version": "2.0.0",
      "resolved": "https://registry.npmjs.org/is-fullwidth-code-point/-/is-fullwidth-code-point-2.0.0.tgz",
      "integrity": "sha1-o7MKXE8ZkYMWeqq5O+764937ZU8="
    },
    "jasmine": {
      "version": "2.99.0",
      "resolved": "https://registry.npmjs.org/jasmine/-/jasmine-2.99.0.tgz",
      "integrity": "sha1-jKctEC5jm4Z8ZImFbg4YqceqQrc=",
      "dev": true,
      "requires": {
        "exit": "^0.1.2",
        "glob": "^7.0.6",
        "jasmine-core": "~2.99.0"
      }
    },
    "jasmine-core": {
      "version": "2.99.1",
      "resolved": "https://registry.npmjs.org/jasmine-core/-/jasmine-core-2.99.1.tgz",
      "integrity": "sha1-5kAN8ea1bhMLYcS80JPap/boyhU=",
      "dev": true
    },
    "lodash": {
      "version": "4.17.10",
      "resolved": "https://registry.npmjs.org/lodash/-/lodash-4.17.10.tgz",
      "integrity": "sha512-UejweD1pDoXu+AD825lWwp4ZGtSwgnpZxb3JDViD7StjQz+Nb/6l093lx4OQ0foGWNRoc19mWy7BzL+UAK2iVg=="
    },
    "minimatch": {
      "version": "3.0.4",
      "resolved": "https://registry.npmjs.org/minimatch/-/minimatch-3.0.4.tgz",
      "integrity": "sha512-yJHVQEhyqPLUTgt9B83PXu6W3rx4MvvHvSUvToogpwoGDOUQ+yDrR0HRot+yOCdCO7u4hX3pWft6kWBBcqh0UA==",
      "dev": true,
      "requires": {
        "brace-expansion": "^1.1.7"
      }
    },
    "object-assign": {
      "version": "4.1.1",
      "resolved": "https://registry.npmjs.org/object-assign/-/object-assign-4.1.1.tgz",
      "integrity": "sha1-IQmtx5ZYh8/AXLvUQsrIv7s2CGM="
    },
    "object-extended": {
      "version": "0.0.7",
      "resolved": "https://registry.npmjs.org/object-extended/-/object-extended-0.0.7.tgz",
      "integrity": "sha1-hP0j9WsVWCrrPoiwXLVdJDLWijM=",
      "requires": {
        "array-extended": "~0.0.4",
        "extended": "~0.0.3",
        "is-extended": "~0.0.3"
      }
    },
    "once": {
      "version": "1.4.0",
      "resolved": "https://registry.npmjs.org/once/-/once-1.4.0.tgz",
      "integrity": "sha1-WDsap3WWHUsROsF9nFC6753Xa9E=",
      "dev": true,
      "requires": {
        "wrappy": "1"
      }
    },
    "path-is-absolute": {
      "version": "1.0.1",
      "resolved": "https://registry.npmjs.org/path-is-absolute/-/path-is-absolute-1.0.1.tgz",
      "integrity": "sha1-F0uSaHNVNP+8es5r9TpanhtcX18=",
      "dev": true
    },
    "rx": {
      "version": "4.1.0",
      "resolved": "https://registry.npmjs.org/rx/-/rx-4.1.0.tgz",
      "integrity": "sha1-pfE/957zt0D+MKqAP7CfmIBdR4I="
    },
    "string-extended": {
      "version": "0.0.8",
      "resolved": "https://registry.npmjs.org/string-extended/-/string-extended-0.0.8.tgz",
      "integrity": "sha1-dBlX3/SHsCcqee7FpE8jnubxfM0=",
      "requires": {
        "array-extended": "~0.0.5",
        "date-extended": "~0.0.3",
        "extended": "~0.0.3",
        "is-extended": "~0.0.3"
      }
    },
    "string-width": {
      "version": "2.1.1",
      "resolved": "https://registry.npmjs.org/string-width/-/string-width-2.1.1.tgz",
      "integrity": "sha512-nOqH59deCq9SRHlxq1Aw85Jnt4w6KvLKqWVik6oA9ZklXLNIOlqg4F2yrT1MVaTjAqvVwdfeZ7w7aCvJD7ugkw==",
      "requires": {
        "is-fullwidth-code-point": "^2.0.0",
        "strip-ansi": "^4.0.0"
      }
    },
    "strip-ansi": {
      "version": "4.0.0",
      "resolved": "https://registry.npmjs.org/strip-ansi/-/strip-ansi-4.0.0.tgz",
      "integrity": "sha1-qEeQIusaw2iocTibY1JixQXuNo8=",
      "requires": {
        "ansi-regex": "^3.0.0"
      }
    },
    "wrappy": {
      "version": "1.0.2",
      "resolved": "https://registry.npmjs.org/wrappy/-/wrappy-1.0.2.tgz",
      "integrity": "sha1-tSQ9jz7BqjXxNkYFvA0QNuMKtp8=",
      "dev": true
    }
  }
}
